
Microsoft Visual Studio Solution File, Format Version 12.00
# Visual Studio Version 16
VisualStudioVersion = 16.0.30717.126
MinimumVisualStudioVersion = 10.0.40219.1
Project("{9A19103F-16F7-4668-BE54-9A1E7A4F7556}") = "2020_01", "2020_01\2020_01.csproj", "{CC4DC852-C8EF-4FBA-B15B-35E4403187C4}"
EndProject
Project("{9A19103F-16F7-4668-BE54-9A1E7A4F7556}") = "2020_02", "2020_02\2020_02.csproj", "{15097B6B-6F3A-449F-BF44-0F4CB71E63A0}"
EndProject
Project("{9A19103F-16F7-4668-BE54-9A1E7A4F7556}") = "AOC", "AOC\AOC.csproj", "{F7A2A977-3436-49A7-8147-ACE7C502E5AB}"
EndProject
Project("{9A19103F-16F7-4668-BE54-9A1E7A4F7556}") = "2020_03", "2020_03\2020_03.csproj", "{468AE3A4-0325-4976-8D35-E559B00C6D75}"
EndProject
Project("{2150E333-8FDC-42A3-9474-1A3956D46DE8}") = "2020", "2020", "{1D55174B-5939-4340-B9AA-1AC0D789BAED}"
EndProject
Project("{2150E333-8FDC-42A3-9474-1A3956D46DE8}") = "2015", "2015", "{709C2488-346E-4985-B616-DAF6FE77DD0A}"
EndProject
Project("{FAE04EC0-301F-11D3-BF4B-00C04F79EFBC}") = "advent_of_code", "advent_of_code\advent_of_code.csproj", "{6A93C169-52C4-4AB5-81F0-BE7D9BF7C796}"
EndProject
Global
	GlobalSection(SolutionConfigurationPlatforms) = preSolution
		Debug|Any CPU = Debug|Any CPU
		Release|Any CPU = Release|Any CPU
	EndGlobalSection
	GlobalSection(ProjectConfigurationPlatforms) = postSolution
		{CC4DC852-C8EF-4FBA-B15B-35E4403187C4}.Debug|Any CPU.ActiveCfg = Debug|Any CPU
		{CC4DC852-C8EF-4FBA-B15B-35E4403187C4}.Debug|Any CPU.Build.0 = Debug|Any CPU
		{CC4DC852-C8EF-4FBA-B15B-35E4403187C4}.Release|Any CPU.ActiveCfg = Release|Any CPU
		{CC4DC852-C8EF-4FBA-B15B-35E4403187C4}.Release|Any CPU.Build.0 = Release|Any CPU
		{15097B6B-6F3A-449F-BF44-0F4CB71E63A0}.Debug|Any CPU.ActiveCfg = Debug|Any CPU
		{15097B6B-6F3A-449F-BF44-0F4CB71E63A0}.Debug|Any CPU.Build.0 = Debug|Any CPU
		{15097B6B-6F3A-449F-BF44-0F4CB71E63A0}.Release|Any CPU.ActiveCfg = Release|Any CPU
		{15097B6B-6F3A-449F-BF44-0F4CB71E63A0}.Release|Any CPU.Build.0 = Release|Any CPU
		{F7A2A977-3436-49A7-8147-ACE7C502E5AB}.Debug|Any CPU.ActiveCfg = Debug|Any CPU
		{F7A2A977-3436-49A7-8147-ACE7C502E5AB}.Debug|Any CPU.Build.0 = Debug|Any CPU
		{F7A2A977-3436-49A7-8147-ACE7C502E5AB}.Release|Any CPU.ActiveCfg = Release|Any CPU
		{F7A2A977-3436-49A7-8147-ACE7C502E5AB}.Release|Any CPU.Build.0 = Release|Any CPU
		{468AE3A4-0325-4976-8D35-E559B00C6D75}.Debug|Any CPU.ActiveCfg = Debug|Any CPU
		{468AE3A4-0325-4976-8D35-E559B00C6D75}.Debug|Any CPU.Build.0 = Debug|Any CPU
		{468AE3A4-0325-4976-8D35-E559B00C6D75}.Release|Any CPU.ActiveCfg = Release|Any CPU
		{468AE3A4-0325-4976-8D35-E559B00C6D75}.Release|Any CPU.Build.0 = Release|Any CPU
		{6A93C169-52C4-4AB5-81F0-BE7D9BF7C796}.Debug|Any CPU.ActiveCfg = Debug|Any CPU
		{6A93C169-52C4-4AB5-81F0-BE7D9BF7C796}.Debug|Any CPU.Build.0 = Debug|Any CPU
		{6A93C169-52C4-4AB5-81F0-BE7D9BF7C796}.Release|Any CPU.ActiveCfg = Release|Any CPU
		{6A93C169-52C4-4AB5-81F0-BE7D9BF7C796}.Release|Any CPU.Build.0 = Release|Any CPU
	EndGlobalSection
	GlobalSection(SolutionProperties) = preSolution
		HideSolutionNode = FALSE
	EndGlobalSection
	GlobalSection(NestedProjects) = preSolution
		{CC4DC852-C8EF-4FBA-B15B-35E4403187C4} = {1D55174B-5939-4340-B9AA-1AC0D789BAED}
		{15097B6B-6F3A-449F-BF44-0F4CB71E63A0} = {1D55174B-5939-4340-B9AA-1AC0D789BAED}
		{468AE3A4-0325-4976-8D35-E559B00C6D75} = {1D55174B-5939-4340-B9AA-1AC0D789BAED}
	EndGlobalSection
	GlobalSection(ExtensibilityGlobals) = postSolution
		SolutionGuid = {9DE833BF-C62B-4DFA-9E53-C65BBCBCCF41}
	EndGlobalSection
EndGlobal
